
Microsoft Visual Studio Solution File, Format Version 12.00
# Visual Studio Version 16
VisualStudioVersion = 16.0.30523.141
MinimumVisualStudioVersion = 10.0.40219.1
Project("{FAE04EC0-301F-11D3-BF4B-00C04F79EFBC}") = "TeacherToolkitColourChangeTest", "TeacherToolkitColourChangeTest\TeacherToolkitColourChangeTest.csproj", "{BB02468B-4D06-456D-A79C-0002ACF704B3}"
EndProject
Global
	GlobalSection(SolutionConfigurationPlatforms) = preSolution
		Debug|Any CPU = Debug|Any CPU
		Release|Any CPU = Release|Any CPU
	EndGlobalSection
	GlobalSection(ProjectConfigurationPlatforms) = postSolution
		{BB02468B-4D06-456D-A79C-0002ACF704B3}.Debug|Any CPU.ActiveCfg = Debug|Any CPU
		{BB02468B-4D06-456D-A79C-0002ACF704B3}.Debug|Any CPU.Build.0 = Debug|Any CPU
		{BB02468B-4D06-456D-A79C-0002ACF704B3}.Release|Any CPU.ActiveCfg = Release|Any CPU
		{BB02468B-4D06-456D-A79C-0002ACF704B3}.Release|Any CPU.Build.0 = Release|Any CPU
	EndGlobalSection
	GlobalSection(SolutionProperties) = preSolution
		HideSolutionNode = FALSE
	EndGlobalSection
	GlobalSection(ExtensibilityGlobals) = postSolution
		SolutionGuid = {137EB7EA-6411-47B4-B375-1F6449903C45}
	EndGlobalSection
EndGlobal
